PODS:
  - Alamofire (5.8.0)
  - KeychainSwift (20.0.0)
  - SwiftLint (0.53.0)

DEPENDENCIES:
  - Alamofire
  - KeychainSwift
  - SwiftLint

SPEC REPOS:
  trunk:
    - Alamofire
    - KeychainSwift
    - SwiftLint

SPEC CHECKSUMS:
  Alamofire: 0e92e751b3e9e66d7982db43919d01f313b8eb91
  KeychainSwift: 0ce6a4d13f7228054d1a71bb1b500448fb2ab837
  SwiftLint: 5ce4d6a8ff83f1b5fd5ad5dbf30965d35af65e44

PODFILE CHECKSUM: 7eb3e1482b61524a407d286c7c0f2135c0e24565

COCOAPODS: 1.13.0
